
Microsoft Visual Studio Solution File, Format Version 12.00
# Visual Studio Version 16
VisualStudioVersion = 16.0.30413.136
MinimumVisualStudioVersion = 10.0.40219.1
Project("{FAE04EC0-301F-11D3-BF4B-00C04F79EFBC}") = "Constructor", "Constructor.csproj", "{4C9F4950-978F-4B62-97EE-BE40AC5BE7E3}"
EndProject
Global
	GlobalSection(SolutionConfigurationPlatforms) = preSolution
		Debug|Any CPU = Debug|Any CPU
		Release|Any CPU = Release|Any CPU
	EndGlobalSection
	GlobalSection(ProjectConfigurationPlatforms) = postSolution
		{4C9F4950-978F-4B62-97EE-BE40AC5BE7E3}.Debug|Any CPU.ActiveCfg = Debug|Any CPU
		{4C9F4950-978F-4B62-97EE-BE40AC5BE7E3}.Debug|Any CPU.Build.0 = Debug|Any CPU
		{4C9F4950-978F-4B62-97EE-BE40AC5BE7E3}.Release|Any CPU.ActiveCfg = Release|Any CPU
		{4C9F4950-978F-4B62-97EE-BE40AC5BE7E3}.Release|Any CPU.Build.0 = Release|Any CPU
	EndGlobalSection
	GlobalSection(SolutionProperties) = preSolution
		HideSolutionNode = FALSE
	EndGlobalSection
	GlobalSection(ExtensibilityGlobals) = postSolution
		SolutionGuid = {0F05E569-3822-4913-89B0-E6073234F715}
	EndGlobalSection
EndGlobal
